// !$*UTF8*$!
{
	archiveVersion = 1;
	classes = {
	};
	objectVersion = 77;
	objects = {

/* Begin PBXContainerItemProxy section */
		A3CC46282D00FC6400A62DFA /* PBXContainerItemProxy */ = {
			isa = PBXContainerItemProxy;
			containerPortal = A3CC460F2D00FC6200A62DFA /* Project object */;
			proxyType = 1;
			remoteGlobalIDString = A3CC46162D00FC6200A62DFA;
			remoteInfo = OrgStructure;
		};
		A3CC46322D00FC6400A62DFA /* PBXContainerItemProxy */ = {
			isa = PBXContainerItemProxy;
			containerPortal = A3CC460F2D00FC6200A62DFA /* Project object */;
			proxyType = 1;
			remoteGlobalIDString = A3CC46162D00FC6200A62DFA;
			remoteInfo = OrgStructure;
		};
/* End PBXContainerItemProxy section */

/* Begin PBXFileReference section */
		A3CC46172D00FC6200A62DFA /* OrgStructure.app */ = {isa = PBXFileReference; explicitFileType = wrapper.application; includeInIndex = 0; path = OrgStructure.app; sourceTree = BUILT_PRODUCTS_DIR; };
		A3CC46272D00FC6400A62DFA /* OrgStructureTests.xctest */ = {isa = PBXFileReference; explicitFileType = wrapper.cfbundle; includeInIndex = 0; path = OrgStructureTests.xctest; sourceTree = BUILT_PRODUCTS_DIR; };
		A3CC46312D00FC6400A62DFA /* OrgStructureUITests.xctest */ = {isa = PBXFileReference; explicitFileType = wrapper.cfbundle; includeInIndex = 0; path = OrgStructureUITests.xctest; sourceTree = BUILT_PRODUCTS_DIR; };
/* End PBXFileReference section */

/* Begin PBXFileSystemSynchronizedRootGroup section */
		A3CC46192D00FC6200A62DFA /* OrgStructure */ = {
			isa = PBXFileSystemSynchronizedRootGroup;
			path = OrgStructure;
			sourceTree = "<group>";
		};
		A3CC462A2D00FC6400A62DFA /* OrgStructureTests */ = {
			isa = PBXFileSystemSynchronizedRootGroup;
			path = OrgStructureTests;
			sourceTree = "<group>";
		};
		A3CC46342D00FC6400A62DFA /* OrgStructureUITests */ = {
			isa = PBXFileSystemSynchronizedRootGroup;
			path = OrgStructureUITests;
			sourceTree = "<group>";
		};
/* End PBXFileSystemSynchronizedRootGroup section */

/* Begin PBXFrameworksBuildPhase section */
		A3CC46142D00FC6200A62DFA /* Frameworks */ = {
			isa = PBXFrameworksBuildPhase;
			buildActionMask = 2147483647;
			files = (
			);
			runOnlyForDeploymentPostprocessing = 0;
		};
		A3CC46242D00FC6400A62DFA /* Frameworks */ = {
			isa = PBXFrameworksBuildPhase;
			buildActionMask = 2147483647;
			files = (
			);
			runOnlyForDeploymentPostprocessing = 0;
		};
		A3CC462E2D00FC6400A62DFA /* Frameworks */ = {
			isa = PBXFrameworksBuildPhase;
			buildActionMask = 2147483647;
			files = (
			);
			runOnlyForDeploymentPostprocessing = 0;
		};
/* End PBXFrameworksBuildPhase section */

/* Begin PBXGroup section */
		A3CC460E2D00FC6200A62DFA = {
			isa = PBXGroup;
			children = (
				A3CC46192D00FC6200A62DFA /* OrgStructure */,
				A3CC462A2D00FC6400A62DFA /* OrgStructureTests */,
				A3CC46342D00FC6400A62DFA /* OrgStructureUITests */,
				A3CC46182D00FC6200A62DFA /* Products */,
			);
			sourceTree = "<group>";
		};
		A3CC46182D00FC6200A62DFA /* Products */ = {
			isa = PBXGroup;
			children = (
				A3CC46172D00FC6200A62DFA /* OrgStructure.app */,
				A3CC46272D00FC6400A62DFA /* OrgStructureTests.xctest */,
				A3CC46312D00FC6400A62DFA /* OrgStructureUITests.xctest */,
			);
			name = Products;
			sourceTree = "<group>";
		};
/* End PBXGroup section */

/* Begin PBXNativeTarget section */
		A3CC46162D00FC6200A62DFA /* OrgStructure */ = {
			isa = PBXNativeTarget;
			buildConfigurationList = A3CC463B2D00FC6400A62DFA /* Build configuration list for PBXNativeTarget "OrgStructure" */;
			buildPhases = (
				A3CC46132D00FC6200A62DFA /* Sources */,
				A3CC46142D00FC6200A62DFA /* Frameworks */,
				A3CC46152D00FC6200A62DFA /* Resources */,
			);
			buildRules = (
			);
			dependencies = (
			);
			fileSystemSynchronizedGroups = (
				A3CC46192D00FC6200A62DFA /* OrgStructure */,
			);
			name = OrgStructure;
			packageProductDependencies = (
			);
			productName = OrgStructure;
			productReference = A3CC46172D00FC6200A62DFA /* OrgStructure.app */;
			productType = "com.apple.product-type.application";
		};
		A3CC46262D00FC6400A62DFA /* OrgStructureTests */ = {
			isa = PBXNativeTarget;
			buildConfigurationList = A3CC463E2D00FC6400A62DFA /* Build configuration list for PBXNativeTarget "OrgStructureTests" */;
			buildPhases = (
				A3CC46232D00FC6400A62DFA /* Sources */,
				A3CC46242D00FC6400A62DFA /* Frameworks */,
				A3CC46252D00FC6400A62DFA /* Resources */,
			);
			buildRules = (
			);
			dependencies = (
				A3CC46292D00FC6400A62DFA /* PBXTargetDependency */,
			);
			fileSystemSynchronizedGroups = (
				A3CC462A2D00FC6400A62DFA /* OrgStructureTests */,
			);
			name = OrgStructureTests;
			packageProductDependencies = (
			);
			productName = OrgStructureTests;
			productReference = A3CC46272D00FC6400A62DFA /* OrgStructureTests.xctest */;
			productType = "com.apple.product-type.bundle.unit-test";
		};
		A3CC46302D00FC6400A62DFA /* OrgStructureUITests */ = {
			isa = PBXNativeTarget;
			buildConfigurationList = A3CC46412D00FC6400A62DFA /* Build configuration list for PBXNativeTarget "OrgStructureUITests" */;
			buildPhases = (
				A3CC462D2D00FC6400A62DFA /* Sources */,
				A3CC462E2D00FC6400A62DFA /* Frameworks */,
				A3CC462F2D00FC6400A62DFA /* Resources */,
			);
			buildRules = (
			);
			dependencies = (
				A3CC46332D00FC6400A62DFA /* PBXTargetDependency */,
			);
			fileSystemSynchronizedGroups = (
				A3CC46342D00FC6400A62DFA /* OrgStructureUITests */,
			);
			name = OrgStructureUITests;
			packageProductDependencies = (
			);
			productName = OrgStructureUITests;
			productReference = A3CC46312D00FC6400A62DFA /* OrgStructureUITests.xctest */;
			productType = "com.apple.product-type.bundle.ui-testing";
		};
/* End PBXNativeTarget section */

/* Begin PBXProject section */
		A3CC460F2D00FC6200A62DFA /* Project object */ = {
			isa = PBXProject;
			attributes = {
				BuildIndependentTargetsInParallel = 1;
				LastSwiftUpdateCheck = 1600;
				LastUpgradeCheck = 1600;
				TargetAttributes = {
					A3CC46162D00FC6200A62DFA = {
						CreatedOnToolsVersion = 16.0;
					};
					A3CC46262D00FC6400A62DFA = {
						CreatedOnToolsVersion = 16.0;
						TestTargetID = A3CC46162D00FC6200A62DFA;
					};
					A3CC46302D00FC6400A62DFA = {
						CreatedOnToolsVersion = 16.0;
						TestTargetID = A3CC46162D00FC6200A62DFA;
					};
				};
			};
			buildConfigurationList = A3CC46122D00FC6200A62DFA /* Build configuration list for PBXProject "OrgStructure" */;
			developmentRegion = en;
			hasScannedForEncodings = 0;
			knownRegions = (
				en,
				Base,
			);
			mainGroup = A3CC460E2D00FC6200A62DFA;
			minimizedProjectReferenceProxies = 1;
			preferredProjectObjectVersion = 77;
			productRefGroup = A3CC46182D00FC6200A62DFA /* Products */;
			projectDirPath = "";
			projectRoot = "";
			targets = (
				A3CC46162D00FC6200A62DFA /* OrgStructure */,
				A3CC46262D00FC6400A62DFA /* OrgStructureTests */,
				A3CC46302D00FC6400A62DFA /* OrgStructureUITests */,
			);
		};
/* End PBXProject section */

/* Begin PBXResourcesBuildPhase section */
		A3CC46152D00FC6200A62DFA /* Resources */ = {
			isa = PBXResourcesBuildPhase;
			buildActionMask = 2147483647;
			files = (
			);
			runOnlyForDeploymentPostprocessing = 0;
		};
		A3CC46252D00FC6400A62DFA /* Resources */ = {
			isa = PBXResourcesBuildPhase;
			buildActionMask = 2147483647;
			files = (
			);
			runOnlyForDeploymentPostprocessing = 0;
		};
		A3CC462F2D00FC6400A62DFA /* Resources */ = {
			isa = PBXResourcesBuildPhase;
			buildActionMask = 2147483647;
			files = (
			);
			runOnlyForDeploymentPostprocessing = 0;
		};
/* End PBXResourcesBuildPhase section */

/* Begin PBXSourcesBuildPhase section */
		A3CC46132D00FC6200A62DFA /* Sources */ = {
			isa = PBXSourcesBuildPhase;
			buildActionMask = 2147483647;
			files = (
			);
			runOnlyForDeploymentPostprocessing = 0;
		};
		A3CC46232D00FC6400A62DFA /* Sources */ = {
			isa = PBXSourcesBuildPhase;
			buildActionMask = 2147483647;
			files = (
			);
			runOnlyForDeploymentPostprocessing = 0;
		};
		A3CC462D2D00FC6400A62DFA /* Sources */ = {
			isa = PBXSourcesBuildPhase;
			buildActionMask = 2147483647;
			files = (
			);
			runOnlyForDeploymentPostprocessing = 0;
		};
/* End PBXSourcesBuildPhase section */

/* Begin PBXTargetDependency section */
		A3CC46292D00FC6400A62DFA /* PBXTargetDependency */ = {
			isa = PBXTargetDependency;
			target = A3CC46162D00FC6200A62DFA /* OrgStructure */;
			targetProxy = A3CC46282D00FC6400A62DFA /* PBXContainerItemProxy */;
		};
		A3CC46332D00FC6400A62DFA /* PBXTargetDependency */ = {
			isa = PBXTargetDependency;
			target = A3CC46162D00FC6200A62DFA /* OrgStructure */;
			targetProxy = A3CC46322D00FC6400A62DFA /* PBXContainerItemProxy */;
		};
/* End PBXTargetDependency section */

/* Begin XCBuildConfiguration section */
		A3CC46392D00FC6400A62DFA /* Debug */ = {
			isa = XCBuildConfiguration;
			buildSettings = {
				ALWAYS_SEARCH_USER_PATHS = NO;
				ASSETCATALOG_COMPILER_GENERATE_SWIFT_ASSET_SYMBOL_EXTENSIONS = YES;
				CLANG_ANALYZER_NONNULL = YES;
				CLANG_ANALYZER_NUMBER_OBJECT_CONVERSION = YES_AGGRESSIVE;
				CLANG_CXX_LANGUAGE_STANDARD = "gnu++20";
				CLANG_ENABLE_MODULES = YES;
				CLANG_ENABLE_OBJC_ARC = YES;
				CLANG_ENABLE_OBJC_WEAK = YES;
				CLANG_WARN_BLOCK_CAPTURE_AUTORELEASING = YES;
				CLANG_WARN_BOOL_CONVERSION = YES;
				CLANG_WARN_COMMA = YES;
				CLANG_WARN_CONSTANT_CONVERSION = YES;
				CLANG_WARN_DEPRECATED_OBJC_IMPLEMENTATIONS = YES;
				CLANG_WARN_DIRECT_OBJC_ISA_USAGE = YES_ERROR;
				CLANG_WARN_DOCUMENTATION_COMMENTS = YES;
				CLANG_WARN_EMPTY_BODY = YES;
				CLANG_WARN_ENUM_CONVERSION = YES;
				CLANG_WARN_INFINITE_RECURSION = YES;
				CLANG_WARN_INT_CONVERSION = YES;
				CLANG_WARN_NON_LITERAL_NULL_CONVERSION = YES;
				CLANG_WARN_OBJC_IMPLICIT_RETAIN_SELF = YES;
				CLANG_WARN_OBJC_LITERAL_CONVERSION = YES;
				CLANG_WARN_OBJC_ROOT_CLASS = YES_ERROR;
				CLANG_WARN_QUOTED_INCLUDE_IN_FRAMEWORK_HEADER = YES;
				CLANG_WARN_RANGE_LOOP_ANALYSIS = YES;
				CLANG_WARN_STRICT_PROTOTYPES = YES;
				CLANG_WARN_SUSPICIOUS_MOVE = YES;
				CLANG_WARN_UNGUARDED_AVAILABILITY = YES_AGGRESSIVE;
				CLANG_WARN_UNREACHABLE_CODE = YES;
				CLANG_WARN__DUPLICATE_METHOD_MATCH = YES;
				COPY_PHASE_STRIP = NO;
				DEBUG_INFORMATION_FORMAT = dwarf;
				ENABLE_STRICT_OBJC_MSGSEND = YES;
				ENABLE_TESTABILITY = YES;
				ENABLE_USER_SCRIPT_SANDBOXING = YES;
				GCC_C_LANGUAGE_STANDARD = gnu17;
				GCC_DYNAMIC_NO_PIC = NO;
				GCC_NO_COMMON_BLOCKS = YES;
				GCC_OPTIMIZATION_LEVEL = 0;
				GCC_PREPROCESSOR_DEFINITIONS = (
					"DEBUG=1",
					"$(inherited)",
				);
				GCC_WARN_64_TO_32_BIT_CONVERSION = YES;
				GCC_WARN_ABOUT_RETURN_TYPE = YES_ERROR;
				GCC_WARN_UNDECLARED_SELECTOR = YES;
				GCC_WARN_UNINITIALIZED_AUTOS = YES_AGGRESSIVE;
				GCC_WARN_UNUSED_FUNCTION = YES;
				GCC_WARN_UNUSED_VARIABLE = YES;
				IPHONEOS_DEPLOYMENT_TARGET = 18.0;
				LOCALIZATION_PREFERS_STRING_CATALOGS = YES;
				MTL_ENABLE_DEBUG_INFO = INCLUDE_SOURCE;
				MTL_FAST_MATH = YES;
				ONLY_ACTIVE_ARCH = YES;
				SDKROOT = iphoneos;
				SWIFT_ACTIVE_COMPILATION_CONDITIONS = "DEBUG $(inherited)";
				SWIFT_OPTIMIZATION_LEVEL = "-Onone";
			};
			name = Debug;
		};
		A3CC463A2D00FC6400A62DFA /* Release */ = {
			isa = XCBuildConfiguration;
			buildSettings = {
				ALWAYS_SEARCH_USER_PATHS = NO;
				ASSETCATALOG_COMPILER_GENERATE_SWIFT_ASSET_SYMBOL_EXTENSIONS = YES;
				CLANG_ANALYZER_NONNULL = YES;
				CLANG_ANALYZER_NUMBER_OBJECT_CONVERSION = YES_AGGRESSIVE;
				CLANG_CXX_LANGUAGE_STANDARD = "gnu++20";
				CLANG_ENABLE_MODULES = YES;
				CLANG_ENABLE_OBJC_ARC = YES;
				CLANG_ENABLE_OBJC_WEAK = YES;
				CLANG_WARN_BLOCK_CAPTURE_AUTORELEASING = YES;
				CLANG_WARN_BOOL_CONVERSION = YES;
				CLANG_WARN_COMMA = YES;
				CLANG_WARN_CONSTANT_CONVERSION = YES;
				CLANG_WARN_DEPRECATED_OBJC_IMPLEMENTATIONS = YES;
				CLANG_WARN_DIRECT_OBJC_ISA_USAGE = YES_ERROR;
				CLANG_WARN_DOCUMENTATION_COMMENTS = YES;
				CLANG_WARN_EMPTY_BODY = YES;
				CLANG_WARN_ENUM_CONVERSION = YES;
				CLANG_WARN_INFINITE_RECURSION = YES;
				CLANG_WARN_INT_CONVERSION = YES;
				CLANG_WARN_NON_LITERAL_NULL_CONVERSION = YES;
				CLANG_WARN_OBJC_IMPLICIT_RETAIN_SELF = YES;
				CLANG_WARN_OBJC_LITERAL_CONVERSION = YES;
				CLANG_WARN_OBJC_ROOT_CLASS = YES_ERROR;
				CLANG_WARN_QUOTED_INCLUDE_IN_FRAMEWORK_HEADER = YES;
				CLANG_WARN_RANGE_LOOP_ANALYSIS = YES;
				CLANG_WARN_STRICT_PROTOTYPES = YES;
				CLANG_WARN_SUSPICIOUS_MOVE = YES;
				CLANG_WARN_UNGUARDED_AVAILABILITY = YES_AGGRESSIVE;
				CLANG_WARN_UNREACHABLE_CODE = YES;
				CLANG_WARN__DUPLICATE_METHOD_MATCH = YES;
				COPY_PHASE_STRIP = NO;
				DEBUG_INFORMATION_FORMAT = "dwarf-with-dsym";
				ENABLE_NS_ASSERTIONS = NO;
				ENABLE_STRICT_OBJC_MSGSEND = YES;
				ENABLE_USER_SCRIPT_SANDBOXING = YES;
				GCC_C_LANGUAGE_STANDARD = gnu17;
				GCC_NO_COMMON_BLOCKS = YES;
				GCC_WARN_64_TO_32_BIT_CONVERSION = YES;
				GCC_WARN_ABOUT_RETURN_TYPE = YES_ERROR;
				GCC_WARN_UNDECLARED_SELECTOR = YES;
				GCC_WARN_UNINITIALIZED_AUTOS = YES_AGGRESSIVE;
				GCC_WARN_UNUSED_FUNCTION = YES;
				GCC_WARN_UNUSED_VARIABLE = YES;
				IPHONEOS_DEPLOYMENT_TARGET = 18.0;
				LOCALIZATION_PREFERS_STRING_CATALOGS = YES;
				MTL_ENABLE_DEBUG_INFO = NO;
				MTL_FAST_MATH = YES;
				SDKROOT = iphoneos;
				SWIFT_COMPILATION_MODE = wholemodule;
				VALIDATE_PRODUCT = YES;
			};
			name = Release;
		};
		A3CC463C2D00FC6400A62DFA /* Debug */ = {
			isa = XCBuildConfiguration;
			buildSettings = {
				ASSETCATALOG_COMPILER_APPICON_NAME = AppIcon;
				ASSETCATALOG_COMPILER_GLOBAL_ACCENT_COLOR_NAME = AccentColor;
				CODE_SIGN_STYLE = Automatic;
				CURRENT_PROJECT_VERSION = 1;
				DEVELOPMENT_ASSET_PATHS = "\"OrgStructure/Preview Content\"";
				DEVELOPMENT_TEAM = 6W9N28KCR5;
				ENABLE_PREVIEWS = YES;
				GENERATE_INFOPLIST_FILE = YES;
				INFOPLIST_KEY_UIApplicationSceneManifest_Generation = YES;
				INFOPLIST_KEY_UIApplicationSupportsIndirectInputEvents = YES;
				INFOPLIST_KEY_UILaunchScreen_Generation = YES;
				INFOPLIST_KEY_UISupportedInterfaceOrientations_iPad = "UIInterfaceOrientationPortrait UIInterfaceOrientationPortraitUpsideDown UIInterfaceOrientationLandscapeLeft UIInterfaceOrientationLandscapeRight";
				INFOPLIST_KEY_UISupportedInterfaceOrientations_iPhone = "UIInterfaceOrientationPortrait UIInterfaceOrientationLandscapeLeft UIInterfaceOrientationLandscapeRight";
				LD_RUNPATH_SEARCH_PATHS = (
					"$(inherited)",
					"@executable_path/Frameworks",
				);
				MARKETING_VERSION = 1.0;
				PRODUCT_BUNDLE_IDENTIFIER = a27.OrgStructure;
				PRODUCT_NAME = "$(TARGET_NAME)";
				SWIFT_EMIT_LOC_STRINGS = YES;
				SWIFT_VERSION = 5.0;
				TARGETED_DEVICE_FAMILY = "1,2";
			};
			name = Debug;
		};
		A3CC463D2D00FC6400A62DFA /* Release */ = {
			isa = XCBuildConfiguration;
			buildSettings = {
				ASSETCATALOG_COMPILER_APPICON_NAME = AppIcon;
				ASSETCATALOG_COMPILER_GLOBAL_ACCENT_COLOR_NAME = AccentColor;
				CODE_SIGN_STYLE = Automatic;
				CURRENT_PROJECT_VERSION = 1;
				DEVELOPMENT_ASSET_PATHS = "\"OrgStructure/Preview Content\"";
				DEVELOPMENT_TEAM = 6W9N28KCR5;
				ENABLE_PREVIEWS = YES;
				GENERATE_INFOPLIST_FILE = YES;
				INFOPLIST_KEY_UIApplicationSceneManifest_Generation = YES;
				INFOPLIST_KEY_UIApplicationSupportsIndirectInputEvents = YES;
				INFOPLIST_KEY_UILaunchScreen_Generation = YES;
				INFOPLIST_KEY_UISupportedInterfaceOrientations_iPad = "UIInterfaceOrientationPortrait UIInterfaceOrientationPortraitUpsideDown UIInterfaceOrientationLandscapeLeft UIInterfaceOrientationLandscapeRight";
				INFOPLIST_KEY_UISupportedInterfaceOrientations_iPhone = "UIInterfaceOrientationPortrait UIInterfaceOrientationLandscapeLeft UIInterfaceOrientationLandscapeRight";
				LD_RUNPATH_SEARCH_PATHS = (
					"$(inherited)",
					"@executable_path/Frameworks",
				);
				MARKETING_VERSION = 1.0;
				PRODUCT_BUNDLE_IDENTIFIER = a27.OrgStructure;
				PRODUCT_NAME = "$(TARGET_NAME)";
				SWIFT_EMIT_LOC_STRINGS = YES;
				SWIFT_VERSION = 5.0;
				TARGETED_DEVICE_FAMILY = "1,2";
			};
			name = Release;
		};
		A3CC463F2D00FC6400A62DFA /* Debug */ = {
			isa = XCBuildConfiguration;
			buildSettings = {
				BUNDLE_LOADER = "$(TEST_HOST)";
				CODE_SIGN_STYLE = Automatic;
				CURRENT_PROJECT_VERSION = 1;
				DEVELOPMENT_TEAM = 6W9N28KCR5;
				GENERATE_INFOPLIST_FILE = YES;
				IPHONEOS_DEPLOYMENT_TARGET = 18.0;
				MARKETING_VERSION = 1.0;
				PRODUCT_BUNDLE_IDENTIFIER = a27.OrgStructureTests;
				PRODUCT_NAME = "$(TARGET_NAME)";
				SWIFT_EMIT_LOC_STRINGS = NO;
				SWIFT_VERSION = 5.0;
				TARGETED_DEVICE_FAMILY = "1,2";
				TEST_HOST = "$(BUILT_PRODUCTS_DIR)/OrgStructure.app/$(BUNDLE_EXECUTABLE_FOLDER_PATH)/OrgStructure";
			};
			name = Debug;
		};
		A3CC46402D00FC6400A62DFA /* Release */ = {
			isa = XCBuildConfiguration;
			buildSettings = {
				BUNDLE_LOADER = "$(TEST_HOST)";
				CODE_SIGN_STYLE = Automatic;
				CURRENT_PROJECT_VERSION = 1;
				DEVELOPMENT_TEAM = 6W9N28KCR5;
				GENERATE_INFOPLIST_FILE = YES;
				IPHONEOS_DEPLOYMENT_TARGET = 18.0;
				MARKETING_VERSION = 1.0;
				PRODUCT_BUNDLE_IDENTIFIER = a27.OrgStructureTests;
				PRODUCT_NAME = "$(TARGET_NAME)";
				SWIFT_EMIT_LOC_STRINGS = NO;
				SWIFT_VERSION = 5.0;
				TARGETED_DEVICE_FAMILY = "1,2";
				TEST_HOST = "$(BUILT_PRODUCTS_DIR)/OrgStructure.app/$(BUNDLE_EXECUTABLE_FOLDER_PATH)/OrgStructure";
			};
			name = Release;
		};
		A3CC46422D00FC6400A62DFA /* Debug */ = {
			isa = XCBuildConfiguration;
			buildSettings = {
				CODE_SIGN_STYLE = Automatic;
				CURRENT_PROJECT_VERSION = 1;
				DEVELOPMENT_TEAM = 6W9N28KCR5;
				GENERATE_INFOPLIST_FILE = YES;
				MARKETING_VERSION = 1.0;
				PRODUCT_BUNDLE_IDENTIFIER = a27.OrgStructureUITests;
				PRODUCT_NAME = "$(TARGET_NAME)";
				SWIFT_EMIT_LOC_STRINGS = NO;
				SWIFT_VERSION = 5.0;
				TARGETED_DEVICE_FAMILY = "1,2";
				TEST_TARGET_NAME = OrgStructure;
			};
			name = Debug;
		};
		A3CC46432D00FC6400A62DFA /* Release */ = {
			isa = XCBuildConfiguration;
			buildSettings = {
				CODE_SIGN_STYLE = Automatic;
				CURRENT_PROJECT_VERSION = 1;
				DEVELOPMENT_TEAM = 6W9N28KCR5;
				GENERATE_INFOPLIST_FILE = YES;
				MARKETING_VERSION = 1.0;
				PRODUCT_BUNDLE_IDENTIFIER = a27.OrgStructureUITests;
				PRODUCT_NAME = "$(TARGET_NAME)";
				SWIFT_EMIT_LOC_STRINGS = NO;
				SWIFT_VERSION = 5.0;
				TARGETED_DEVICE_FAMILY = "1,2";
				TEST_TARGET_NAME = OrgStructure;
			};
			name = Release;
		};
/* End XCBuildConfiguration section */

/* Begin XCConfigurationList section */
		A3CC46122D00FC6200A62DFA /* Build configuration list for PBXProject "OrgStructure" */ = {
			isa = XCConfigurationList;
			buildConfigurations = (
				A3CC46392D00FC6400A62DFA /* Debug */,
				A3CC463A2D00FC6400A62DFA /* Release */,
			);
			defaultConfigurationIsVisible = 0;
			defaultConfigurationName = Release;
		};
		A3CC463B2D00FC6400A62DFA /* Build configuration list for PBXNativeTarget "OrgStructure" */ = {
			isa = XCConfigurationList;
			buildConfigurations = (
				A3CC463C2D00FC6400A62DFA /* Debug */,
				A3CC463D2D00FC6400A62DFA /* Release */,
			);
			defaultConfigurationIsVisible = 0;
			defaultConfigurationName = Release;
		};
		A3CC463E2D00FC6400A62DFA /* Build configuration list for PBXNativeTarget "OrgStructureTests" */ = {
			isa = XCConfigurationList;
			buildConfigurations = (
				A3CC463F2D00FC6400A62DFA /* Debug */,
				A3CC46402D00FC6400A62DFA /* Release */,
			);
			defaultConfigurationIsVisible = 0;
			defaultConfigurationName = Release;
		};
		A3CC46412D00FC6400A62DFA /* Build configuration list for PBXNativeTarget "OrgStructureUITests" */ = {
			isa = XCConfigurationList;
			buildConfigurations = (
				A3CC46422D00FC6400A62DFA /* Debug */,
				A3CC46432D00FC6400A62DFA /* Release */,
			);
			defaultConfigurationIsVisible = 0;
			defaultConfigurationName = Release;
		};
/* End XCConfigurationList section */
	};
	rootObject = A3CC460F2D00FC6200A62DFA /* Project object */;
}
